// !$*UTF8*$!
{
	archiveVersion = 1;
	classes = {
	};
	objectVersion = 48;
	objects = {

/* Begin PBXBuildFile section */
		E20F2C53210C1BB700359B7B /* ChromaShadeSlider.swift in Sources */ = {isa = PBXBuildFile; fileRef = E20F2C41210C1BB600359B7B /* ChromaShadeSlider.swift */; };
		E20F2C54210C1BB700359B7B /* UIColor+Utilities.swift in Sources */ = {isa = PBXBuildFile; fileRef = E20F2C4D210C1BB600359B7B /* UIColor+Utilities.swift */; };
		E20F2C55210C1BB700359B7B /* ColorModeToggleButton.swift in Sources */ = {isa = PBXBuildFile; fileRef = E20F2C4E210C1BB600359B7B /* ColorModeToggleButton.swift */; };
		E20F2C56210C1BB700359B7B /* ChromaAddButton.swift in Sources */ = {isa = PBXBuildFile; fileRef = E20F2C50210C1BB700359B7B /* ChromaAddButton.swift */; };
		E20F2C57210C1BB700359B7B /* ChromaHandle.swift in Sources */ = {isa = PBXBuildFile; fileRef = E20F2C51210C1BB700359B7B /* ChromaHandle.swift */; };
		E20F2C58210C1BB700359B7B /* ChromaColorPicker.swift in Sources */ = {isa = PBXBuildFile; fileRef = E20F2C52210C1BB700359B7B /* ChromaColorPicker.swift */; };
		E2324B9420C988DF007D2D8F /* ScheduleTableViewController.swift in Sources */ = {isa = PBXBuildFile; fileRef = E2324B9320C988DF007D2D8F /* ScheduleTableViewController.swift */; };
		E2324BA120C988F4007D2D8F /* GradebookTableViewController.swift in Sources */ = {isa = PBXBuildFile; fileRef = E2324BA020C988F4007D2D8F /* GradebookTableViewController.swift */; };
		E2324BA520C9B4D7007D2D8F /* ScheduleTableViewCell.swift in Sources */ = {isa = PBXBuildFile; fileRef = E2324BA420C9B4D7007D2D8F /* ScheduleTableViewCell.swift */; };
		E242650320CEBB980006052D /* ScheduleAssignmentsTableViewController.swift in Sources */ = {isa = PBXBuildFile; fileRef = E242650220CEBB980006052D /* ScheduleAssignmentsTableViewController.swift */; };
		E242650520CEC2A50006052D /* ScheduleAssignmentsTableViewCell.swift in Sources */ = {isa = PBXBuildFile; fileRef = E242650420CEC2A50006052D /* ScheduleAssignmentsTableViewCell.swift */; };
		E242650720CF18F80006052D /* EmptyViewController.swift in Sources */ = {isa = PBXBuildFile; fileRef = E242650620CF18F80006052D /* EmptyViewController.swift */; };
		E24DA95B20547E3B00CDDDDA /* AppDelegate.swift in Sources */ = {isa = PBXBuildFile; fileRef = E24DA95A20547E3B00CDDDDA /* AppDelegate.swift */; };
		E24DA95D20547E3B00CDDDDA /* LoginViewController.swift in Sources */ = {isa = PBXBuildFile; fileRef = E24DA95C20547E3B00CDDDDA /* LoginViewController.swift */; };
		E24DA96020547E3B00CDDDDA /* Main.storyboard in Resources */ = {isa = PBXBuildFile; fileRef = E24DA95E20547E3B00CDDDDA /* Main.storyboard */; };
		E24DA96220547E3B00CDDDDA /* Assets.xcassets in Resources */ = {isa = PBXBuildFile; fileRef = E24DA96120547E3B00CDDDDA /* Assets.xcassets */; };
		E24DA97020547E3B00CDDDDA /* renwebb_bkendTests.swift in Sources */ = {isa = PBXBuildFile; fileRef = E24DA96F20547E3B00CDDDDA /* renwebb_bkendTests.swift */; };
		E24DA97B20547E3B00CDDDDA /* renwebb_bkendUITests.swift in Sources */ = {isa = PBXBuildFile; fileRef = E24DA97A20547E3B00CDDDDA /* renwebb_bkendUITests.swift */; };
		E24DA9A120547F0400CDDDDA /* Alamofire.framework in Frameworks */ = {isa = PBXBuildFile; fileRef = E24DA99420547EC500CDDDDA /* Alamofire.framework */; };
		E24DA9A220547F0400CDDDDA /* Alamofire.framework in Embed Frameworks */ = {isa = PBXBuildFile; fileRef = E24DA99420547EC500CDDDDA /* Alamofire.framework */; settings = {ATTRIBUTES = (CodeSignOnCopy, RemoveHeadersOnCopy, ); }; };
		E24DA9A720547FD600CDDDDA /* Login.swift in Sources */ = {isa = PBXBuildFile; fileRef = E24DA9A620547FD600CDDDDA /* Login.swift */; };
		E24E212B20D0110D00A32757 /* GradeColorPicker.swift in Sources */ = {isa = PBXBuildFile; fileRef = E24E212A20D0110D00A32757 /* GradeColorPicker.swift */; };
		E24E213A20D01B2400A32757 /* GradebookCategoriesTableViewCell.swift in Sources */ = {isa = PBXBuildFile; fileRef = E24E213920D01B2400A32757 /* GradebookCategoriesTableViewCell.swift */; };
		E25C8602210CBFA5003578DA /* WeekendViewController.swift in Sources */ = {isa = PBXBuildFile; fileRef = E25C8601210CBFA5003578DA /* WeekendViewController.swift */; };
		E25C860F210CC876003578DA /* ColorPickerPopViewController.swift in Sources */ = {isa = PBXBuildFile; fileRef = E25C860E210CC876003578DA /* ColorPickerPopViewController.swift */; };
		E25C8611210CE2AA003578DA /* ColorChangeDelegate.swift in Sources */ = {isa = PBXBuildFile; fileRef = E25C8610210CE2AA003578DA /* ColorChangeDelegate.swift */; };
		E25C8613210CF228003578DA /* TabBar_MostViewed.png in Resources */ = {isa = PBXBuildFile; fileRef = E25C8612210CF228003578DA /* TabBar_MostViewed.png */; };
		E25C8615210CF282003578DA /* QuickActions_Confirmation.png in Resources */ = {isa = PBXBuildFile; fileRef = E25C8614210CF282003578DA /* QuickActions_Confirmation.png */; };
		E25DCA3720CC7DD30037B2B3 /* ClassColorPicker.swift in Sources */ = {isa = PBXBuildFile; fileRef = E25DCA3620CC7DD30037B2B3 /* ClassColorPicker.swift */; };
		E260477220B4F0720075DB03 /* Schedule.swift in Sources */ = {isa = PBXBuildFile; fileRef = E260477120B4F0720075DB03 /* Schedule.swift */; };
		E26E04582072F3BD00EAA7DF /* KeychainError.swift in Sources */ = {isa = PBXBuildFile; fileRef = E26E04572072F3BD00EAA7DF /* KeychainError.swift */; };
		E2A59FD320B8FD5900F2E6B4 /* ClassSchedule.swift in Sources */ = {isa = PBXBuildFile; fileRef = E2A59FD220B8FD5900F2E6B4 /* ClassSchedule.swift */; };
		E2A6D1A120D002770090B2ED /* GradebookTableViewCell.swift in Sources */ = {isa = PBXBuildFile; fileRef = E2A6D1A020D002770090B2ED /* GradebookTableViewCell.swift */; };
		E2B9FDE220CD7B9A00B8620D /* SchedulePageViewController.swift in Sources */ = {isa = PBXBuildFile; fileRef = E2B9FDE120CD7B9A00B8620D /* SchedulePageViewController.swift */; };
		E2BA858F20B1E5ED00A37950 /* SwiftSoup.framework in Frameworks */ = {isa = PBXBuildFile; fileRef = E2BA858620B1E5A300A37950 /* SwiftSoup.framework */; };
		E2BA859020B1E5ED00A37950 /* SwiftSoup.framework in Embed Frameworks */ = {isa = PBXBuildFile; fileRef = E2BA858620B1E5A300A37950 /* SwiftSoup.framework */; settings = {ATTRIBUTES = (CodeSignOnCopy, RemoveHeadersOnCopy, ); }; };
		E2BA859420B1E69000A37950 /* KeychainServices.swift in Sources */ = {isa = PBXBuildFile; fileRef = E2BA859320B1E69000A37950 /* KeychainServices.swift */; };
		E2C7E52120D167F200D02501 /* GradebookCategoryViewController.swift in Sources */ = {isa = PBXBuildFile; fileRef = E2C7E52020D167F200D02501 /* GradebookCategoryViewController.swift */; };
		E2C7E52320D16D0C00D02501 /* GradebookCategoryPageViewController.swift in Sources */ = {isa = PBXBuildFile; fileRef = E2C7E52220D16D0C00D02501 /* GradebookCategoryPageViewController.swift */; };
		E2C7E52520D16D3800D02501 /* GradebookAssignmentTableViewCell.swift in Sources */ = {isa = PBXBuildFile; fileRef = E2C7E52420D16D3800D02501 /* GradebookAssignmentTableViewCell.swift */; };
		E2F00CF820BDEF27005E9D62 /* Gradebook.swift in Sources */ = {isa = PBXBuildFile; fileRef = E2F00CF720BDEF27005E9D62 /* Gradebook.swift */; };
		E2F00D0520BDF017005E9D62 /* ClassGrade.swift in Sources */ = {isa = PBXBuildFile; fileRef = E2F00D0420BDF017005E9D62 /* ClassGrade.swift */; };
		E2F00D0720BDF080005E9D62 /* GradeCategory.swift in Sources */ = {isa = PBXBuildFile; fileRef = E2F00D0620BDF080005E9D62 /* GradeCategory.swift */; };
		E2F00D0920BDF08E005E9D62 /* GradeAssignment.swift in Sources */ = {isa = PBXBuildFile; fileRef = E2F00D0820BDF08E005E9D62 /* GradeAssignment.swift */; };
/* End PBXBuildFile section */

/* Begin PBXContainerItemProxy section */
		E24DA96C20547E3B00CDDDDA /* PBXContainerItemProxy */ = {
			isa = PBXContainerItemProxy;
			containerPortal = E24DA94F20547E3B00CDDDDA /* Project object */;
			proxyType = 1;
			remoteGlobalIDString = E24DA95620547E3B00CDDDDA;
			remoteInfo = renwebb_bkend;
		};
		E24DA97720547E3B00CDDDDA /* PBXContainerItemProxy */ = {
			isa = PBXContainerItemProxy;
			containerPortal = E24DA94F20547E3B00CDDDDA /* Project object */;
			proxyType = 1;
			remoteGlobalIDString = E24DA95620547E3B00CDDDDA;
			remoteInfo = renwebb_bkend;
		};
		E24DA99320547EC500CDDDDA /* PBXContainerItemProxy */ = {
			isa = PBXContainerItemProxy;
			containerPortal = E24DA98820547EC500CDDDDA /* Alamofire.xcodeproj */;
			proxyType = 2;
			remoteGlobalIDString = F8111E3319A95C8B0040E7D1;
			remoteInfo = "Alamofire iOS";
		};
		E24DA99520547EC500CDDDDA /* PBXContainerItemProxy */ = {
			isa = PBXContainerItemProxy;
			containerPortal = E24DA98820547EC500CDDDDA /* Alamofire.xcodeproj */;
			proxyType = 2;
			remoteGlobalIDString = F8111E3E19A95C8B0040E7D1;
			remoteInfo = "Alamofire iOS Tests";
		};
		E24DA99720547EC500CDDDDA /* PBXContainerItemProxy */ = {
			isa = PBXContainerItemProxy;
			containerPortal = E24DA98820547EC500CDDDDA /* Alamofire.xcodeproj */;
			proxyType = 2;
			remoteGlobalIDString = 4DD67C0B1A5C55C900ED2280;
			remoteInfo = "Alamofire macOS";
		};
		E24DA99920547EC500CDDDDA /* PBXContainerItemProxy */ = {
			isa = PBXContainerItemProxy;
			containerPortal = E24DA98820547EC500CDDDDA /* Alamofire.xcodeproj */;
			proxyType = 2;
			remoteGlobalIDString = F829C6B21A7A94F100A2CD59;
			remoteInfo = "Alamofire macOS Tests";
		};
		E24DA99B20547EC500CDDDDA /* PBXContainerItemProxy */ = {
			isa = PBXContainerItemProxy;
			containerPortal = E24DA98820547EC500CDDDDA /* Alamofire.xcodeproj */;
			proxyType = 2;
			remoteGlobalIDString = 4CF626EF1BA7CB3E0011A099;
			remoteInfo = "Alamofire tvOS";
		};
		E24DA99D20547EC500CDDDDA /* PBXContainerItemProxy */ = {
			isa = PBXContainerItemProxy;
			containerPortal = E24DA98820547EC500CDDDDA /* Alamofire.xcodeproj */;
			proxyType = 2;
			remoteGlobalIDString = 4CF626F81BA7CB3E0011A099;
			remoteInfo = "Alamofire tvOS Tests";
		};
		E24DA99F20547EC500CDDDDA /* PBXContainerItemProxy */ = {
			isa = PBXContainerItemProxy;
			containerPortal = E24DA98820547EC500CDDDDA /* Alamofire.xcodeproj */;
			proxyType = 2;
			remoteGlobalIDString = E4202FE01B667AA100C997FB;
			remoteInfo = "Alamofire watchOS";
		};
		E24DA9A320547F0400CDDDDA /* PBXContainerItemProxy */ = {
			isa = PBXContainerItemProxy;
			containerPortal = E24DA98820547EC500CDDDDA /* Alamofire.xcodeproj */;
			proxyType = 1;
			remoteGlobalIDString = F8111E3219A95C8B0040E7D1;
			remoteInfo = "Alamofire iOS";
		};
		E2BA858520B1E5A300A37950 /* PBXContainerItemProxy */ = {
			isa = PBXContainerItemProxy;
			containerPortal = E2BA857D20B1E5A200A37950 /* SwiftSoup.xcodeproj */;
			proxyType = 2;
			remoteGlobalIDString = 8CE418161DAA54A900240B42;
			remoteInfo = "SwiftSoup-iOS";
		};
		E2BA858720B1E5A300A37950 /* PBXContainerItemProxy */ = {
			isa = PBXContainerItemProxy;
			containerPortal = E2BA857D20B1E5A200A37950 /* SwiftSoup.xcodeproj */;
			proxyType = 2;
			remoteGlobalIDString = BD3B5BA91FBED933001FDB3B;
			remoteInfo = "SwiftSoup-macOS";
		};
		E2BA858920B1E5A300A37950 /* PBXContainerItemProxy */ = {
			isa = PBXContainerItemProxy;
			containerPortal = E2BA857D20B1E5A200A37950 /* SwiftSoup.xcodeproj */;
			proxyType = 2;
			remoteGlobalIDString = BD3B5BEC1FC063BD001FDB3B;
			remoteInfo = "SwiftSoup-tvOS";
		};
		E2BA858B20B1E5A300A37950 /* PBXContainerItemProxy */ = {
			isa = PBXContainerItemProxy;
			containerPortal = E2BA857D20B1E5A200A37950 /* SwiftSoup.xcodeproj */;
			proxyType = 2;
			remoteGlobalIDString = BD3B5C2F1FC06423001FDB3B;
			remoteInfo = "SwiftSoup-watchOS";
		};
		E2BA858D20B1E5A300A37950 /* PBXContainerItemProxy */ = {
			isa = PBXContainerItemProxy;
			containerPortal = E2BA857D20B1E5A200A37950 /* SwiftSoup.xcodeproj */;
			proxyType = 2;
			remoteGlobalIDString = 8CE4181F1DAA54A900240B42;
			remoteInfo = SwiftSoupTests;
		};
		E2BA859120B1E5ED00A37950 /* PBXContainerItemProxy */ = {
			isa = PBXContainerItemProxy;
			containerPortal = E2BA857D20B1E5A200A37950 /* SwiftSoup.xcodeproj */;
			proxyType = 1;
			remoteGlobalIDString = 8CE418151DAA54A900240B42;
			remoteInfo = "SwiftSoup-iOS";
		};
/* End PBXContainerItemProxy section */

/* Begin PBXCopyFilesBuildPhase section */
		E24DA9A520547F0400CDDDDA /* Embed Frameworks */ = {
			isa = PBXCopyFilesBuildPhase;
			buildActionMask = 2147483647;
			dstPath = "";
			dstSubfolderSpec = 10;
			files = (
				E24DA9A220547F0400CDDDDA /* Alamofire.framework in Embed Frameworks */,
				E2BA859020B1E5ED00A37950 /* SwiftSoup.framework in Embed Frameworks */,
			);
			name = "Embed Frameworks";
			runOnlyForDeploymentPostprocessing = 0;
		};
/* End PBXCopyFilesBuildPhase section */

/* Begin PBXFileReference section */
		E20F2C41210C1BB600359B7B /* ChromaShadeSlider.swift */ = {isa = PBXFileReference; fileEncoding = 4; lastKnownFileType = sourcecode.swift; path = ChromaShadeSlider.swift; sourceTree = "<group>"; };
		E20F2C4D210C1BB600359B7B /* UIColor+Utilities.swift */ = {isa = PBXFileReference; fileEncoding = 4; lastKnownFileType = sourcecode.swift; path = "UIColor+Utilities.swift"; sourceTree = "<group>"; };
		E20F2C4E210C1BB600359B7B /* ColorModeToggleButton.swift */ = {isa = PBXFileReference; fileEncoding = 4; lastKnownFileType = sourcecode.swift; path = ColorModeToggleButton.swift; sourceTree = "<group>"; };
		E20F2C4F210C1BB700359B7B /* ChromaColorPicker.h */ = {isa = PBXFileReference; fileEncoding = 4; lastKnownFileType = sourcecode.c.h; path = ChromaColorPicker.h; sourceTree = "<group>"; };
		E20F2C50210C1BB700359B7B /* ChromaAddButton.swift */ = {isa = PBXFileReference; fileEncoding = 4; lastKnownFileType = sourcecode.swift; path = ChromaAddButton.swift; sourceTree = "<group>"; };
		E20F2C51210C1BB700359B7B /* ChromaHandle.swift */ = {isa = PBXFileReference; fileEncoding = 4; lastKnownFileType = sourcecode.swift; path = ChromaHandle.swift; sourceTree = "<group>"; };
		E20F2C52210C1BB700359B7B /* ChromaColorPicker.swift */ = {isa = PBXFileReference; fileEncoding = 4; lastKnownFileType = sourcecode.swift; path = ChromaColorPicker.swift; sourceTree = "<group>"; };
		E2324B9320C988DF007D2D8F /* ScheduleTableViewController.swift */ = {isa = PBXFileReference; lastKnownFileType = sourcecode.swift; path = ScheduleTableViewController.swift; sourceTree = "<group>"; };
		E2324BA020C988F4007D2D8F /* GradebookTableViewController.swift */ = {isa = PBXFileReference; lastKnownFileType = sourcecode.swift; path = GradebookTableViewController.swift; sourceTree = "<group>"; };
		E2324BA420C9B4D7007D2D8F /* ScheduleTableViewCell.swift */ = {isa = PBXFileReference; lastKnownFileType = sourcecode.swift; path = ScheduleTableViewCell.swift; sourceTree = "<group>"; };
		E242650220CEBB980006052D /* ScheduleAssignmentsTableViewController.swift */ = {isa = PBXFileReference; lastKnownFileType = sourcecode.swift; path = ScheduleAssignmentsTableViewController.swift; sourceTree = "<group>"; };
		E242650420CEC2A50006052D /* ScheduleAssignmentsTableViewCell.swift */ = {isa = PBXFileReference; lastKnownFileType = sourcecode.swift; path = ScheduleAssignmentsTableViewCell.swift; sourceTree = "<group>"; };
		E242650620CF18F80006052D /* EmptyViewController.swift */ = {isa = PBXFileReference; lastKnownFileType = sourcecode.swift; path = EmptyViewController.swift; sourceTree = "<group>"; };
		E24DA95720547E3B00CDDDDA /* renwebb_bkend.app */ = {isa = PBXFileReference; explicitFileType = wrapper.application; includeInIndex = 0; path = renwebb_bkend.app; sourceTree = BUILT_PRODUCTS_DIR; };
		E24DA95A20547E3B00CDDDDA /* AppDelegate.swift */ = {isa = PBXFileReference; lastKnownFileType = sourcecode.swift; path = AppDelegate.swift; sourceTree = "<group>"; };
		E24DA95C20547E3B00CDDDDA /* LoginViewController.swift */ = {isa = PBXFileReference; lastKnownFileType = sourcecode.swift; path = LoginViewController.swift; sourceTree = "<group>"; };
		E24DA95F20547E3B00CDDDDA /* Base */ = {isa = PBXFileReference; lastKnownFileType = file.storyboard; name = Base; path = Base.lproj/Main.storyboard; sourceTree = "<group>"; };
		E24DA96120547E3B00CDDDDA /* Assets.xcassets */ = {isa = PBXFileReference; lastKnownFileType = folder.assetcatalog; path = Assets.xcassets; sourceTree = "<group>"; };
		E24DA96620547E3B00CDDDDA /* Info.plist */ = {isa = PBXFileReference; lastKnownFileType = text.plist.xml; path = Info.plist; sourceTree = "<group>"; };
		E24DA96B20547E3B00CDDDDA /* renwebb_bkendTests.xctest */ = {isa = PBXFileReference; explicitFileType = wrapper.cfbundle; includeInIndex = 0; path = renwebb_bkendTests.xctest; sourceTree = BUILT_PRODUCTS_DIR; };
		E24DA96F20547E3B00CDDDDA /* renwebb_bkendTests.swift */ = {isa = PBXFileReference; lastKnownFileType = sourcecode.swift; path = renwebb_bkendTests.swift; sourceTree = "<group>"; };
		E24DA97120547E3B00CDDDDA /* Info.plist */ = {isa = PBXFileReference; lastKnownFileType = text.plist.xml; path = Info.plist; sourceTree = "<group>"; };
		E24DA97620547E3B00CDDDDA /* renwebb_bkendUITests.xctest */ = {isa = PBXFileReference; explicitFileType = wrapper.cfbundle; includeInIndex = 0; path = renwebb_bkendUITests.xctest; sourceTree = BUILT_PRODUCTS_DIR; };
		E24DA97A20547E3B00CDDDDA /* renwebb_bkendUITests.swift */ = {isa = PBXFileReference; lastKnownFileType = sourcecode.swift; path = renwebb_bkendUITests.swift; sourceTree = "<group>"; };
		E24DA97C20547E3B00CDDDDA /* Info.plist */ = {isa = PBXFileReference; lastKnownFileType = text.plist.xml; path = Info.plist; sourceTree = "<group>"; };
		E24DA98820547EC500CDDDDA /* Alamofire.xcodeproj */ = {isa = PBXFileReference; lastKnownFileType = "wrapper.pb-project"; name = Alamofire.xcodeproj; path = Alamofire/Alamofire.xcodeproj; sourceTree = "<group>"; };
		E24DA9A620547FD600CDDDDA /* Login.swift */ = {isa = PBXFileReference; lastKnownFileType = sourcecode.swift; path = Login.swift; sourceTree = "<group>"; };
		E24E212A20D0110D00A32757 /* GradeColorPicker.swift */ = {isa = PBXFileReference; lastKnownFileType = sourcecode.swift; path = GradeColorPicker.swift; sourceTree = "<group>"; };
		E24E213920D01B2400A32757 /* GradebookCategoriesTableViewCell.swift */ = {isa = PBXFileReference; lastKnownFileType = sourcecode.swift; path = GradebookCategoriesTableViewCell.swift; sourceTree = "<group>"; };
		E25C8601210CBFA5003578DA /* WeekendViewController.swift */ = {isa = PBXFileReference; lastKnownFileType = sourcecode.swift; path = WeekendViewController.swift; sourceTree = "<group>"; };
		E25C860E210CC876003578DA /* ColorPickerPopViewController.swift */ = {isa = PBXFileReference; lastKnownFileType = sourcecode.swift; path = ColorPickerPopViewController.swift; sourceTree = "<group>"; };
		E25C8610210CE2AA003578DA /* ColorChangeDelegate.swift */ = {isa = PBXFileReference; lastKnownFileType = sourcecode.swift; path = ColorChangeDelegate.swift; sourceTree = "<group>"; };
		E25C8612210CF228003578DA /* TabBar_MostViewed.png */ = {isa = PBXFileReference; lastKnownFileType = image.png; path = TabBar_MostViewed.png; sourceTree = SOURCE_ROOT; };
		E25C8614210CF282003578DA /* QuickActions_Confirmation.png */ = {isa = PBXFileReference; lastKnownFileType = image.png; path = QuickActions_Confirmation.png; sourceTree = SOURCE_ROOT; };
		E25DCA3620CC7DD30037B2B3 /* ClassColorPicker.swift */ = {isa = PBXFileReference; lastKnownFileType = sourcecode.swift; path = ClassColorPicker.swift; sourceTree = "<group>"; };
		E260477120B4F0720075DB03 /* Schedule.swift */ = {isa = PBXFileReference; lastKnownFileType = sourcecode.swift; path = Schedule.swift; sourceTree = "<group>"; };
		E26E04572072F3BD00EAA7DF /* KeychainError.swift */ = {isa = PBXFileReference; lastKnownFileType = sourcecode.swift; path = KeychainError.swift; sourceTree = "<group>"; };
		E2A59FD220B8FD5900F2E6B4 /* ClassSchedule.swift */ = {isa = PBXFileReference; lastKnownFileType = sourcecode.swift; path = ClassSchedule.swift; sourceTree = "<group>"; };
		E2A6D1A020D002770090B2ED /* GradebookTableViewCell.swift */ = {isa = PBXFileReference; lastKnownFileType = sourcecode.swift; path = GradebookTableViewCell.swift; sourceTree = "<group>"; };
		E2B9FDE120CD7B9A00B8620D /* SchedulePageViewController.swift */ = {isa = PBXFileReference; lastKnownFileType = sourcecode.swift; path = SchedulePageViewController.swift; sourceTree = "<group>"; };
		E2BA857D20B1E5A200A37950 /* SwiftSoup.xcodeproj */ = {isa = PBXFileReference; lastKnownFileType = "wrapper.pb-project"; name = SwiftSoup.xcodeproj; path = SwiftSoup/SwiftSoup.xcodeproj; sourceTree = "<group>"; };
		E2BA859320B1E69000A37950 /* KeychainServices.swift */ = {isa = PBXFileReference; lastKnownFileType = sourcecode.swift; path = KeychainServices.swift; sourceTree = "<group>"; };
		E2C7E52020D167F200D02501 /* GradebookCategoryViewController.swift */ = {isa = PBXFileReference; lastKnownFileType = sourcecode.swift; path = GradebookCategoryViewController.swift; sourceTree = "<group>"; };
		E2C7E52220D16D0C00D02501 /* GradebookCategoryPageViewController.swift */ = {isa = PBXFileReference; lastKnownFileType = sourcecode.swift; path = GradebookCategoryPageViewController.swift; sourceTree = "<group>"; };
		E2C7E52420D16D3800D02501 /* GradebookAssignmentTableViewCell.swift */ = {isa = PBXFileReference; lastKnownFileType = sourcecode.swift; path = GradebookAssignmentTableViewCell.swift; sourceTree = "<group>"; };
		E2F00CF720BDEF27005E9D62 /* Gradebook.swift */ = {isa = PBXFileReference; lastKnownFileType = sourcecode.swift; path = Gradebook.swift; sourceTree = "<group>"; };
		E2F00D0420BDF017005E9D62 /* ClassGrade.swift */ = {isa = PBXFileReference; lastKnownFileType = sourcecode.swift; path = ClassGrade.swift; sourceTree = "<group>"; };
		E2F00D0620BDF080005E9D62 /* GradeCategory.swift */ = {isa = PBXFileReference; lastKnownFileType = sourcecode.swift; path = GradeCategory.swift; sourceTree = "<group>"; };
		E2F00D0820BDF08E005E9D62 /* GradeAssignment.swift */ = {isa = PBXFileReference; lastKnownFileType = sourcecode.swift; path = GradeAssignment.swift; sourceTree = "<group>"; };
/* End PBXFileReference section */

/* Begin PBXFrameworksBuildPhase section */
		E24DA95420547E3B00CDDDDA /* Frameworks */ = {
			isa = PBXFrameworksBuildPhase;
			buildActionMask = 2147483647;
			files = (
				E24DA9A120547F0400CDDDDA /* Alamofire.framework in Frameworks */,
				E2BA858F20B1E5ED00A37950 /* SwiftSoup.framework in Frameworks */,
			);
			runOnlyForDeploymentPostprocessing = 0;
		};
		E24DA96820547E3B00CDDDDA /* Frameworks */ = {
			isa = PBXFrameworksBuildPhase;
			buildActionMask = 2147483647;
			files = (
			);
			runOnlyForDeploymentPostprocessing = 0;
		};
		E24DA97320547E3B00CDDDDA /* Frameworks */ = {
			isa = PBXFrameworksBuildPhase;
			buildActionMask = 2147483647;
			files = (
			);
			runOnlyForDeploymentPostprocessing = 0;
		};
/* End PBXFrameworksBuildPhase section */

/* Begin PBXGroup section */
		E20F2C5A210C1BCE00359B7B /* chromacolor */ = {
			isa = PBXGroup;
			children = (
				E20F2C50210C1BB700359B7B /* ChromaAddButton.swift */,
				E20F2C4F210C1BB700359B7B /* ChromaColorPicker.h */,
				E20F2C52210C1BB700359B7B /* ChromaColorPicker.swift */,
				E20F2C51210C1BB700359B7B /* ChromaHandle.swift */,
				E20F2C41210C1BB600359B7B /* ChromaShadeSlider.swift */,
				E20F2C4E210C1BB600359B7B /* ColorModeToggleButton.swift */,
				E20F2C4D210C1BB600359B7B /* UIColor+Utilities.swift */,
				E24DA95A20547E3B00CDDDDA /* AppDelegate.swift */,
			);
			path = chromacolor;
			sourceTree = "<group>";
		};
		E239DE7120BF03C6002AD3A4 /* gradeboook */ = {
			isa = PBXGroup;
			children = (
				E2F00CF720BDEF27005E9D62 /* Gradebook.swift */,
				E2F00D0420BDF017005E9D62 /* ClassGrade.swift */,
				E2F00D0620BDF080005E9D62 /* GradeCategory.swift */,
				E2F00D0820BDF08E005E9D62 /* GradeAssignment.swift */,
				E24E212A20D0110D00A32757 /* GradeColorPicker.swift */,
			);
			path = gradeboook;
			sourceTree = "<group>";
		};
		E24DA94E20547E3B00CDDDDA = {
			isa = PBXGroup;
			children = (
				E2BA857D20B1E5A200A37950 /* SwiftSoup.xcodeproj */,
				E24DA98820547EC500CDDDDA /* Alamofire.xcodeproj */,
				E24DA95920547E3B00CDDDDA /* renwebb_bkend */,
				E24DA96E20547E3B00CDDDDA /* renwebb_bkendTests */,
				E24DA97920547E3B00CDDDDA /* renwebb_bkendUITests */,
				E24DA95820547E3B00CDDDDA /* Products */,
			);
			sourceTree = "<group>";
		};
		E24DA95820547E3B00CDDDDA /* Products */ = {
			isa = PBXGroup;
			children = (
				E24DA95720547E3B00CDDDDA /* renwebb_bkend.app */,
				E24DA96B20547E3B00CDDDDA /* renwebb_bkendTests.xctest */,
				E24DA97620547E3B00CDDDDA /* renwebb_bkendUITests.xctest */,
			);
			name = Products;
			sourceTree = "<group>";
		};
		E24DA95920547E3B00CDDDDA /* renwebb_bkend */ = {
			isa = PBXGroup;
			children = (
				E20F2C5A210C1BCE00359B7B /* chromacolor */,
				E24DA96120547E3B00CDDDDA /* Assets.xcassets */,
				E24DA96620547E3B00CDDDDA /* Info.plist */,
				E260476520B4EECC0075DB03 /* ui */,
				E2ACF41F20BC66C800DAB82B /* schedule */,
				E239DE7120BF03C6002AD3A4 /* gradeboook */,
				E24DA9A620547FD600CDDDDA /* Login.swift */,
				E26E04572072F3BD00EAA7DF /* KeychainError.swift */,
				E2BA859320B1E69000A37950 /* KeychainServices.swift */,
			);
			path = renwebb_bkend;
			sourceTree = "<group>";
		};
		E24DA96E20547E3B00CDDDDA /* renwebb_bkendTests */ = {
			isa = PBXGroup;
			children = (
				E24DA96F20547E3B00CDDDDA /* renwebb_bkendTests.swift */,
				E24DA97120547E3B00CDDDDA /* Info.plist */,
			);
			path = renwebb_bkendTests;
			sourceTree = "<group>";
		};
		E24DA97920547E3B00CDDDDA /* renwebb_bkendUITests */ = {
			isa = PBXGroup;
			children = (
				E24DA97A20547E3B00CDDDDA /* renwebb_bkendUITests.swift */,
				E24DA97C20547E3B00CDDDDA /* Info.plist */,
			);
			path = renwebb_bkendUITests;
			sourceTree = "<group>";
		};
		E24DA98920547EC500CDDDDA /* Products */ = {
			isa = PBXGroup;
			children = (
				E24DA99420547EC500CDDDDA /* Alamofire.framework */,
				E24DA99620547EC500CDDDDA /* Alamofire iOS Tests.xctest */,
				E24DA99820547EC500CDDDDA /* Alamofire.framework */,
				E24DA99A20547EC500CDDDDA /* Alamofire macOS Tests.xctest */,
				E24DA99C20547EC500CDDDDA /* Alamofire.framework */,
				E24DA99E20547EC500CDDDDA /* Alamofire tvOS Tests.xctest */,
				E24DA9A020547EC500CDDDDA /* Alamofire.framework */,
			);
			name = Products;
			sourceTree = "<group>";
		};
		E260476520B4EECC0075DB03 /* ui */ = {
			isa = PBXGroup;
			children = (
				E24DA95E20547E3B00CDDDDA /* Main.storyboard */,
				E25C8614210CF282003578DA /* QuickActions_Confirmation.png */,
				E25C8612210CF228003578DA /* TabBar_MostViewed.png */,
				E24DA95C20547E3B00CDDDDA /* LoginViewController.swift */,
				E242650620CF18F80006052D /* EmptyViewController.swift */,
				E2324BA020C988F4007D2D8F /* GradebookTableViewController.swift */,
				E2A6D1A020D002770090B2ED /* GradebookTableViewCell.swift */,
				E24E213920D01B2400A32757 /* GradebookCategoriesTableViewCell.swift */,
				E2C7E52220D16D0C00D02501 /* GradebookCategoryPageViewController.swift */,
				E2C7E52020D167F200D02501 /* GradebookCategoryViewController.swift */,
				E2C7E52420D16D3800D02501 /* GradebookAssignmentTableViewCell.swift */,
				E2B9FDE120CD7B9A00B8620D /* SchedulePageViewController.swift */,
				E2324B9320C988DF007D2D8F /* ScheduleTableViewController.swift */,
				E242650220CEBB980006052D /* ScheduleAssignmentsTableViewController.swift */,
				E25C8610210CE2AA003578DA /* ColorChangeDelegate.swift */,
				E2324BA420C9B4D7007D2D8F /* ScheduleTableViewCell.swift */,
				E242650420CEC2A50006052D /* ScheduleAssignmentsTableViewCell.swift */,
				E25C8601210CBFA5003578DA /* WeekendViewController.swift */,
				E25C860E210CC876003578DA /* ColorPickerPopViewController.swift */,
			);
			path = ui;
			sourceTree = "<group>";
		};
		E2ACF41F20BC66C800DAB82B /* schedule */ = {
			isa = PBXGroup;
			children = (
				E260477120B4F0720075DB03 /* Schedule.swift */,
				E2A59FD220B8FD5900F2E6B4 /* ClassSchedule.swift */,
				E25DCA3620CC7DD30037B2B3 /* ClassColorPicker.swift */,
			);
			path = schedule;
			sourceTree = "<group>";
		};
		E2BA857E20B1E5A200A37950 /* Products */ = {
			isa = PBXGroup;
			children = (
				E2BA858620B1E5A300A37950 /* SwiftSoup.framework */,
				E2BA858820B1E5A300A37950 /* SwiftSoup.framework */,
				E2BA858A20B1E5A300A37950 /* SwiftSoup.framework */,
				E2BA858C20B1E5A300A37950 /* SwiftSoup.framework */,
				E2BA858E20B1E5A300A37950 /* SwiftSoupTests.xctest */,
			);
			name = Products;
			sourceTree = "<group>";
		};
/* End PBXGroup section */

/* Begin PBXNativeTarget section */
		E24DA95620547E3B00CDDDDA /* renwebb_bkend */ = {
			isa = PBXNativeTarget;
			buildConfigurationList = E24DA97F20547E3B00CDDDDA /* Build configuration list for PBXNativeTarget "renwebb_bkend" */;
			buildPhases = (
				E24DA95320547E3B00CDDDDA /* Sources */,
				E24DA95420547E3B00CDDDDA /* Frameworks */,
				E24DA95520547E3B00CDDDDA /* Resources */,
				E24DA9A520547F0400CDDDDA /* Embed Frameworks */,
			);
			buildRules = (
			);
			dependencies = (
				E24DA9A420547F0400CDDDDA /* PBXTargetDependency */,
				E2BA859220B1E5ED00A37950 /* PBXTargetDependency */,
			);
			name = renwebb_bkend;
			productName = renwebb_bkend;
			productReference = E24DA95720547E3B00CDDDDA /* renwebb_bkend.app */;
			productType = "com.apple.product-type.application";
		};
		E24DA96A20547E3B00CDDDDA /* renwebb_bkendTests */ = {
			isa = PBXNativeTarget;
			buildConfigurationList = E24DA98220547E3B00CDDDDA /* Build configuration list for PBXNativeTarget "renwebb_bkendTests" */;
			buildPhases = (
				E24DA96720547E3B00CDDDDA /* Sources */,
				E24DA96820547E3B00CDDDDA /* Frameworks */,
				E24DA96920547E3B00CDDDDA /* Resources */,
			);
			buildRules = (
			);
			dependencies = (
				E24DA96D20547E3B00CDDDDA /* PBXTargetDependency */,
			);
			name = renwebb_bkendTests;
			productName = renwebb_bkendTests;
			productReference = E24DA96B20547E3B00CDDDDA /* renwebb_bkendTests.xctest */;
			productType = "com.apple.product-type.bundle.unit-test";
		};
		E24DA97520547E3B00CDDDDA /* renwebb_bkendUITests */ = {
			isa = PBXNativeTarget;
			buildConfigurationList = E24DA98520547E3B00CDDDDA /* Build configuration list for PBXNativeTarget "renwebb_bkendUITests" */;
			buildPhases = (
				E24DA97220547E3B00CDDDDA /* Sources */,
				E24DA97320547E3B00CDDDDA /* Frameworks */,
				E24DA97420547E3B00CDDDDA /* Resources */,
			);
			buildRules = (
			);
			dependencies = (
				E24DA97820547E3B00CDDDDA /* PBXTargetDependency */,
			);
			name = renwebb_bkendUITests;
			productName = renwebb_bkendUITests;
			productReference = E24DA97620547E3B00CDDDDA /* renwebb_bkendUITests.xctest */;
			productType = "com.apple.product-type.bundle.ui-testing";
		};
/* End PBXNativeTarget section */

/* Begin PBXProject section */
		E24DA94F20547E3B00CDDDDA /* Project object */ = {
			isa = PBXProject;
			attributes = {
				LastSwiftUpdateCheck = 0920;
				LastUpgradeCheck = 0930;
				ORGANIZATIONNAME = "Tiger Wang";
				TargetAttributes = {
					E24DA95620547E3B00CDDDDA = {
						CreatedOnToolsVersion = 9.2;
						ProvisioningStyle = Automatic;
					};
					E24DA96A20547E3B00CDDDDA = {
						CreatedOnToolsVersion = 9.2;
						ProvisioningStyle = Automatic;
						TestTargetID = E24DA95620547E3B00CDDDDA;
					};
					E24DA97520547E3B00CDDDDA = {
						CreatedOnToolsVersion = 9.2;
						ProvisioningStyle = Automatic;
						TestTargetID = E24DA95620547E3B00CDDDDA;
					};
				};
			};
			buildConfigurationList = E24DA95220547E3B00CDDDDA /* Build configuration list for PBXProject "renwebb_bkend" */;
			compatibilityVersion = "Xcode 8.0";
			developmentRegion = en;
			hasScannedForEncodings = 0;
			knownRegions = (
				en,
				Base,
			);
			mainGroup = E24DA94E20547E3B00CDDDDA;
			productRefGroup = E24DA95820547E3B00CDDDDA /* Products */;
			projectDirPath = "";
			projectReferences = (
				{
					ProductGroup = E24DA98920547EC500CDDDDA /* Products */;
					ProjectRef = E24DA98820547EC500CDDDDA /* Alamofire.xcodeproj */;
				},
				{
					ProductGroup = E2BA857E20B1E5A200A37950 /* Products */;
					ProjectRef = E2BA857D20B1E5A200A37950 /* SwiftSoup.xcodeproj */;
				},
			);
			projectRoot = "";
			targets = (
				E24DA95620547E3B00CDDDDA /* renwebb_bkend */,
				E24DA96A20547E3B00CDDDDA /* renwebb_bkendTests */,
				E24DA97520547E3B00CDDDDA /* renwebb_bkendUITests */,
			);
		};
/* End PBXProject section */

/* Begin PBXReferenceProxy section */
		E24DA99420547EC500CDDDDA /* Alamofire.framework */ = {
			isa = PBXReferenceProxy;
			fileType = wrapper.framework;
			path = Alamofire.framework;
			remoteRef = E24DA99320547EC500CDDDDA /* PBXContainerItemProxy */;
			sourceTree = BUILT_PRODUCTS_DIR;
		};
		E24DA99620547EC500CDDDDA /* Alamofire iOS Tests.xctest */ = {
			isa = PBXReferenceProxy;
			fileType = wrapper.cfbundle;
			path = "Alamofire iOS Tests.xctest";
			remoteRef = E24DA99520547EC500CDDDDA /* PBXContainerItemProxy */;
			sourceTree = BUILT_PRODUCTS_DIR;
		};
		E24DA99820547EC500CDDDDA /* Alamofire.framework */ = {
			isa = PBXReferenceProxy;
			fileType = wrapper.framework;
			path = Alamofire.framework;
			remoteRef = E24DA99720547EC500CDDDDA /* PBXContainerItemProxy */;
			sourceTree = BUILT_PRODUCTS_DIR;
		};
		E24DA99A20547EC500CDDDDA /* Alamofire macOS Tests.xctest */ = {
			isa = PBXReferenceProxy;
			fileType = wrapper.cfbundle;
			path = "Alamofire macOS Tests.xctest";
			remoteRef = E24DA99920547EC500CDDDDA /* PBXContainerItemProxy */;
			sourceTree = BUILT_PRODUCTS_DIR;
		};
		E24DA99C20547EC500CDDDDA /* Alamofire.framework */ = {
			isa = PBXReferenceProxy;
			fileType = wrapper.framework;
			path = Alamofire.framework;
			remoteRef = E24DA99B20547EC500CDDDDA /* PBXContainerItemProxy */;
			sourceTree = BUILT_PRODUCTS_DIR;
		};
		E24DA99E20547EC500CDDDDA /* Alamofire tvOS Tests.xctest */ = {
			isa = PBXReferenceProxy;
			fileType = wrapper.cfbundle;
			path = "Alamofire tvOS Tests.xctest";
			remoteRef = E24DA99D20547EC500CDDDDA /* PBXContainerItemProxy */;
			sourceTree = BUILT_PRODUCTS_DIR;
		};
		E24DA9A020547EC500CDDDDA /* Alamofire.framework */ = {
			isa = PBXReferenceProxy;
			fileType = wrapper.framework;
			path = Alamofire.framework;
			remoteRef = E24DA99F20547EC500CDDDDA /* PBXContainerItemProxy */;
			sourceTree = BUILT_PRODUCTS_DIR;
		};
		E2BA858620B1E5A300A37950 /* SwiftSoup.framework */ = {
			isa = PBXReferenceProxy;
			fileType = wrapper.framework;
			path = SwiftSoup.framework;
			remoteRef = E2BA858520B1E5A300A37950 /* PBXContainerItemProxy */;
			sourceTree = BUILT_PRODUCTS_DIR;
		};
		E2BA858820B1E5A300A37950 /* SwiftSoup.framework */ = {
			isa = PBXReferenceProxy;
			fileType = wrapper.framework;
			path = SwiftSoup.framework;
			remoteRef = E2BA858720B1E5A300A37950 /* PBXContainerItemProxy */;
			sourceTree = BUILT_PRODUCTS_DIR;
		};
		E2BA858A20B1E5A300A37950 /* SwiftSoup.framework */ = {
			isa = PBXReferenceProxy;
			fileType = wrapper.framework;
			path = SwiftSoup.framework;
			remoteRef = E2BA858920B1E5A300A37950 /* PBXContainerItemProxy */;
			sourceTree = BUILT_PRODUCTS_DIR;
		};
		E2BA858C20B1E5A300A37950 /* SwiftSoup.framework */ = {
			isa = PBXReferenceProxy;
			fileType = wrapper.framework;
			path = SwiftSoup.framework;
			remoteRef = E2BA858B20B1E5A300A37950 /* PBXContainerItemProxy */;
			sourceTree = BUILT_PRODUCTS_DIR;
		};
		E2BA858E20B1E5A300A37950 /* SwiftSoupTests.xctest */ = {
			isa = PBXReferenceProxy;
			fileType = wrapper.cfbundle;
			path = SwiftSoupTests.xctest;
			remoteRef = E2BA858D20B1E5A300A37950 /* PBXContainerItemProxy */;
			sourceTree = BUILT_PRODUCTS_DIR;
		};
/* End PBXReferenceProxy section */

/* Begin PBXResourcesBuildPhase section */
		E24DA95520547E3B00CDDDDA /* Resources */ = {
			isa = PBXResourcesBuildPhase;
			buildActionMask = 2147483647;
			files = (
				E25C8613210CF228003578DA /* TabBar_MostViewed.png in Resources */,
				E24DA96220547E3B00CDDDDA /* Assets.xcassets in Resources */,
				E25C8615210CF282003578DA /* QuickActions_Confirmation.png in Resources */,
				E24DA96020547E3B00CDDDDA /* Main.storyboard in Resources */,
			);
			runOnlyForDeploymentPostprocessing = 0;
		};
		E24DA96920547E3B00CDDDDA /* Resources */ = {
			isa = PBXResourcesBuildPhase;
			buildActionMask = 2147483647;
			files = (
			);
			runOnlyForDeploymentPostprocessing = 0;
		};
		E24DA97420547E3B00CDDDDA /* Resources */ = {
			isa = PBXResourcesBuildPhase;
			buildActionMask = 2147483647;
			files = (
			);
			runOnlyForDeploymentPostprocessing = 0;
		};
/* End PBXResourcesBuildPhase section */

/* Begin PBXSourcesBuildPhase section */
		E24DA95320547E3B00CDDDDA /* Sources */ = {
			isa = PBXSourcesBuildPhase;
			buildActionMask = 2147483647;
			files = (
				E2324B9420C988DF007D2D8F /* ScheduleTableViewController.swift in Sources */,
				E2F00D0720BDF080005E9D62 /* GradeCategory.swift in Sources */,
				E2324BA120C988F4007D2D8F /* GradebookTableViewController.swift in Sources */,
				E24DA9A720547FD600CDDDDA /* Login.swift in Sources */,
				E20F2C55210C1BB700359B7B /* ColorModeToggleButton.swift in Sources */,
				E20F2C57210C1BB700359B7B /* ChromaHandle.swift in Sources */,
				E2C7E52120D167F200D02501 /* GradebookCategoryViewController.swift in Sources */,
				E242650720CF18F80006052D /* EmptyViewController.swift in Sources */,
				E26E04582072F3BD00EAA7DF /* KeychainError.swift in Sources */,
				E24E213A20D01B2400A32757 /* GradebookCategoriesTableViewCell.swift in Sources */,
				E25C8611210CE2AA003578DA /* ColorChangeDelegate.swift in Sources */,
				E24DA95D20547E3B00CDDDDA /* LoginViewController.swift in Sources */,
				E2BA859420B1E69000A37950 /* KeychainServices.swift in Sources */,
				E2324BA520C9B4D7007D2D8F /* ScheduleTableViewCell.swift in Sources */,
				E24E212B20D0110D00A32757 /* GradeColorPicker.swift in Sources */,
				E24DA95B20547E3B00CDDDDA /* AppDelegate.swift in Sources */,
				E2F00CF820BDEF27005E9D62 /* Gradebook.swift in Sources */,
				E20F2C54210C1BB700359B7B /* UIColor+Utilities.swift in Sources */,
				E25C860F210CC876003578DA /* ColorPickerPopViewController.swift in Sources */,
				E2F00D0520BDF017005E9D62 /* ClassGrade.swift in Sources */,
				E25DCA3720CC7DD30037B2B3 /* ClassColorPicker.swift in Sources */,
				E20F2C56210C1BB700359B7B /* ChromaAddButton.swift in Sources */,
				E260477220B4F0720075DB03 /* Schedule.swift in Sources */,
				E2A59FD320B8FD5900F2E6B4 /* ClassSchedule.swift in Sources */,
				E20F2C58210C1BB700359B7B /* ChromaColorPicker.swift in Sources */,
				E2C7E52320D16D0C00D02501 /* GradebookCategoryPageViewController.swift in Sources */,
				E25C8602210CBFA5003578DA /* WeekendViewController.swift in Sources */,
				E242650320CEBB980006052D /* ScheduleAssignmentsTableViewController.swift in Sources */,
				E20F2C53210C1BB700359B7B /* ChromaShadeSlider.swift in Sources */,
				E2A6D1A120D002770090B2ED /* GradebookTableViewCell.swift in Sources */,
				E2F00D0920BDF08E005E9D62 /* GradeAssignment.swift in Sources */,
				E242650520CEC2A50006052D /* ScheduleAssignmentsTableViewCell.swift in Sources */,
				E2C7E52520D16D3800D02501 /* GradebookAssignmentTableViewCell.swift in Sources */,
				E2B9FDE220CD7B9A00B8620D /* SchedulePageViewController.swift in Sources */,
			);
			runOnlyForDeploymentPostprocessing = 0;
		};
		E24DA96720547E3B00CDDDDA /* Sources */ = {
			isa = PBXSourcesBuildPhase;
			buildActionMask = 2147483647;
			files = (
				E24DA97020547E3B00CDDDDA /* renwebb_bkendTests.swift in Sources */,
			);
			runOnlyForDeploymentPostprocessing = 0;
		};
		E24DA97220547E3B00CDDDDA /* Sources */ = {
			isa = PBXSourcesBuildPhase;
			buildActionMask = 2147483647;
			files = (
				E24DA97B20547E3B00CDDDDA /* renwebb_bkendUITests.swift in Sources */,
			);
			runOnlyForDeploymentPostprocessing = 0;
		};
/* End PBXSourcesBuildPhase section */

/* Begin PBXTargetDependency section */
		E24DA96D20547E3B00CDDDDA /* PBXTargetDependency */ = {
			isa = PBXTargetDependency;
			target = E24DA95620547E3B00CDDDDA /* renwebb_bkend */;
			targetProxy = E24DA96C20547E3B00CDDDDA /* PBXContainerItemProxy */;
		};
		E24DA97820547E3B00CDDDDA /* PBXTargetDependency */ = {
			isa = PBXTargetDependency;
			target = E24DA95620547E3B00CDDDDA /* renwebb_bkend */;
			targetProxy = E24DA97720547E3B00CDDDDA /* PBXContainerItemProxy */;
		};
		E24DA9A420547F0400CDDDDA /* PBXTargetDependency */ = {
			isa = PBXTargetDependency;
			name = "Alamofire iOS";
			targetProxy = E24DA9A320547F0400CDDDDA /* PBXContainerItemProxy */;
		};
		E2BA859220B1E5ED00A37950 /* PBXTargetDependency */ = {
			isa = PBXTargetDependency;
			name = "SwiftSoup-iOS";
			targetProxy = E2BA859120B1E5ED00A37950 /* PBXContainerItemProxy */;
		};
/* End PBXTargetDependency section */

/* Begin PBXVariantGroup section */
		E24DA95E20547E3B00CDDDDA /* Main.storyboard */ = {
			isa = PBXVariantGroup;
			children = (
				E24DA95F20547E3B00CDDDDA /* Base */,
			);
			name = Main.storyboard;
			sourceTree = "<group>";
		};
/* End PBXVariantGroup section */

/* Begin XCBuildConfiguration section */
		E24DA97D20547E3B00CDDDDA /* Debug */ = {
			isa = XCBuildConfiguration;
			buildSettings = {
				ALWAYS_SEARCH_USER_PATHS = NO;
				CLANG_ANALYZER_NONNULL = YES;
				CLANG_ANALYZER_NUMBER_OBJECT_CONVERSION = YES_AGGRESSIVE;
				CLANG_CXX_LANGUAGE_STANDARD = "gnu++14";
				CLANG_CXX_LIBRARY = "libc++";
				CLANG_ENABLE_MODULES = YES;
				CLANG_ENABLE_OBJC_ARC = YES;
				CLANG_WARN_BLOCK_CAPTURE_AUTORELEASING = YES;
				CLANG_WARN_BOOL_CONVERSION = YES;
				CLANG_WARN_COMMA = YES;
				CLANG_WARN_CONSTANT_CONVERSION = YES;
				CLANG_WARN_DEPRECATED_OBJC_IMPLEMENTATIONS = YES;
				CLANG_WARN_DIRECT_OBJC_ISA_USAGE = YES_ERROR;
				CLANG_WARN_DOCUMENTATION_COMMENTS = YES;
				CLANG_WARN_EMPTY_BODY = YES;
				CLANG_WARN_ENUM_CONVERSION = YES;
				CLANG_WARN_INFINITE_RECURSION = YES;
				CLANG_WARN_INT_CONVERSION = YES;
				CLANG_WARN_NON_LITERAL_NULL_CONVERSION = YES;
				CLANG_WARN_OBJC_IMPLICIT_RETAIN_SELF = YES;
				CLANG_WARN_OBJC_LITERAL_CONVERSION = YES;
				CLANG_WARN_OBJC_ROOT_CLASS = YES_ERROR;
				CLANG_WARN_RANGE_LOOP_ANALYSIS = YES;
				CLANG_WARN_STRICT_PROTOTYPES = YES;
				CLANG_WARN_SUSPICIOUS_MOVE = YES;
				CLANG_WARN_UNGUARDED_AVAILABILITY = YES_AGGRESSIVE;
				CLANG_WARN_UNREACHABLE_CODE = YES;
				CLANG_WARN__DUPLICATE_METHOD_MATCH = YES;
				CODE_SIGN_IDENTITY = "iPhone Developer";
				COPY_PHASE_STRIP = NO;
				DEBUG_INFORMATION_FORMAT = dwarf;
				ENABLE_STRICT_OBJC_MSGSEND = YES;
				ENABLE_TESTABILITY = YES;
				GCC_C_LANGUAGE_STANDARD = gnu11;
				GCC_DYNAMIC_NO_PIC = NO;
				GCC_NO_COMMON_BLOCKS = YES;
				GCC_OPTIMIZATION_LEVEL = 0;
				GCC_PREPROCESSOR_DEFINITIONS = (
					"DEBUG=1",
					"$(inherited)",
				);
				GCC_WARN_64_TO_32_BIT_CONVERSION = YES;
				GCC_WARN_ABOUT_RETURN_TYPE = YES_ERROR;
				GCC_WARN_UNDECLARED_SELECTOR = YES;
				GCC_WARN_UNINITIALIZED_AUTOS = YES_AGGRESSIVE;
				GCC_WARN_UNUSED_FUNCTION = YES;
				GCC_WARN_UNUSED_VARIABLE = YES;
				IPHONEOS_DEPLOYMENT_TARGET = 10.0;
				MTL_ENABLE_DEBUG_INFO = YES;
				ONLY_ACTIVE_ARCH = YES;
				SDKROOT = iphoneos;
				SWIFT_ACTIVE_COMPILATION_CONDITIONS = DEBUG;
				SWIFT_OPTIMIZATION_LEVEL = "-Onone";
			};
			name = Debug;
		};
		E24DA97E20547E3B00CDDDDA /* Release */ = {
			isa = XCBuildConfiguration;
			buildSettings = {
				ALWAYS_SEARCH_USER_PATHS = NO;
				CLANG_ANALYZER_NONNULL = YES;
				CLANG_ANALYZER_NUMBER_OBJECT_CONVERSION = YES_AGGRESSIVE;
				CLANG_CXX_LANGUAGE_STANDARD = "gnu++14";
				CLANG_CXX_LIBRARY = "libc++";
				CLANG_ENABLE_MODULES = YES;
				CLANG_ENABLE_OBJC_ARC = YES;
				CLANG_WARN_BLOCK_CAPTURE_AUTORELEASING = YES;
				CLANG_WARN_BOOL_CONVERSION = YES;
				CLANG_WARN_COMMA = YES;
				CLANG_WARN_CONSTANT_CONVERSION = YES;
				CLANG_WARN_DEPRECATED_OBJC_IMPLEMENTATIONS = YES;
				CLANG_WARN_DIRECT_OBJC_ISA_USAGE = YES_ERROR;
				CLANG_WARN_DOCUMENTATION_COMMENTS = YES;
				CLANG_WARN_EMPTY_BODY = YES;
				CLANG_WARN_ENUM_CONVERSION = YES;
				CLANG_WARN_INFINITE_RECURSION = YES;
				CLANG_WARN_INT_CONVERSION = YES;
				CLANG_WARN_NON_LITERAL_NULL_CONVERSION = YES;
				CLANG_WARN_OBJC_IMPLICIT_RETAIN_SELF = YES;
				CLANG_WARN_OBJC_LITERAL_CONVERSION = YES;
				CLANG_WARN_OBJC_ROOT_CLASS = YES_ERROR;
				CLANG_WARN_RANGE_LOOP_ANALYSIS = YES;
				CLANG_WARN_STRICT_PROTOTYPES = YES;
				CLANG_WARN_SUSPICIOUS_MOVE = YES;
				CLANG_WARN_UNGUARDED_AVAILABILITY = YES_AGGRESSIVE;
				CLANG_WARN_UNREACHABLE_CODE = YES;
				CLANG_WARN__DUPLICATE_METHOD_MATCH = YES;
				CODE_SIGN_IDENTITY = "iPhone Developer";
				COPY_PHASE_STRIP = NO;
				DEBUG_INFORMATION_FORMAT = "dwarf-with-dsym";
				ENABLE_NS_ASSERTIONS = NO;
				ENABLE_STRICT_OBJC_MSGSEND = YES;
				GCC_C_LANGUAGE_STANDARD = gnu11;
				GCC_NO_COMMON_BLOCKS = YES;
				GCC_WARN_64_TO_32_BIT_CONVERSION = YES;
				GCC_WARN_ABOUT_RETURN_TYPE = YES_ERROR;
				GCC_WARN_UNDECLARED_SELECTOR = YES;
				GCC_WARN_UNINITIALIZED_AUTOS = YES_AGGRESSIVE;
				GCC_WARN_UNUSED_FUNCTION = YES;
				GCC_WARN_UNUSED_VARIABLE = YES;
				IPHONEOS_DEPLOYMENT_TARGET = 10.0;
				MTL_ENABLE_DEBUG_INFO = NO;
				SDKROOT = iphoneos;
				SWIFT_OPTIMIZATION_LEVEL = "-Owholemodule";
				VALIDATE_PRODUCT = YES;
			};
			name = Release;
		};
		E24DA98020547E3B00CDDDDA /* Debug */ = {
			isa = XCBuildConfiguration;
			buildSettings = {
				ALWAYS_EMBED_SWIFT_STANDARD_LIBRARIES = YES;
				ASSETCATALOG_COMPILER_APPICON_NAME = AppIcon;
				CODE_SIGN_STYLE = Automatic;
				INFOPLIST_FILE = renwebb_bkend/Info.plist;
				LD_RUNPATH_SEARCH_PATHS = "$(inherited) @executable_path/Frameworks";
				PRODUCT_BUNDLE_IDENTIFIER = "thenewpotato.renwebb-bkend";
				PRODUCT_NAME = "$(TARGET_NAME)";
				SWIFT_VERSION = 4.0;
				TARGETED_DEVICE_FAMILY = "1,2";
			};
			name = Debug;
		};
		E24DA98120547E3B00CDDDDA /* Release */ = {
			isa = XCBuildConfiguration;
			buildSettings = {
				ALWAYS_EMBED_SWIFT_STANDARD_LIBRARIES = YES;
				ASSETCATALOG_COMPILER_APPICON_NAME = AppIcon;
				CODE_SIGN_STYLE = Automatic;
				INFOPLIST_FILE = renwebb_bkend/Info.plist;
				LD_RUNPATH_SEARCH_PATHS = "$(inherited) @executable_path/Frameworks";
				PRODUCT_BUNDLE_IDENTIFIER = "thenewpotato.renwebb-bkend";
				PRODUCT_NAME = "$(TARGET_NAME)";
				SWIFT_VERSION = 4.0;
				TARGETED_DEVICE_FAMILY = "1,2";
			};
			name = Release;
		};
		E24DA98320547E3B00CDDDDA /* Debug */ = {
			isa = XCBuildConfiguration;
			buildSettings = {
				ALWAYS_EMBED_SWIFT_STANDARD_LIBRARIES = YES;
				BUNDLE_LOADER = "$(TEST_HOST)";
				CODE_SIGN_STYLE = Automatic;
				INFOPLIST_FILE = renwebb_bkendTests/Info.plist;
				LD_RUNPATH_SEARCH_PATHS = "$(inherited) @executable_path/Frameworks @loader_path/Frameworks";
				PRODUCT_BUNDLE_IDENTIFIER = "thenewpotato.renwebb-bkendTests";
				PRODUCT_NAME = "$(TARGET_NAME)";
				SWIFT_VERSION = 4.0;
				TARGETED_DEVICE_FAMILY = "1,2";
				TEST_HOST = "$(BUILT_PRODUCTS_DIR)/renwebb_bkend.app/renwebb_bkend";
			};
			name = Debug;
		};
		E24DA98420547E3B00CDDDDA /* Release */ = {
			isa = XCBuildConfiguration;
			buildSettings = {
				ALWAYS_EMBED_SWIFT_STANDARD_LIBRARIES = YES;
				BUNDLE_LOADER = "$(TEST_HOST)";
				CODE_SIGN_STYLE = Automatic;
				INFOPLIST_FILE = renwebb_bkendTests/Info.plist;
				LD_RUNPATH_SEARCH_PATHS = "$(inherited) @executable_path/Frameworks @loader_path/Frameworks";
				PRODUCT_BUNDLE_IDENTIFIER = "thenewpotato.renwebb-bkendTests";
				PRODUCT_NAME = "$(TARGET_NAME)";
				SWIFT_VERSION = 4.0;
				TARGETED_DEVICE_FAMILY = "1,2";
				TEST_HOST = "$(BUILT_PRODUCTS_DIR)/renwebb_bkend.app/renwebb_bkend";
			};
			name = Release;
		};
		E24DA98620547E3B00CDDDDA /* Debug */ = {
			isa = XCBuildConfiguration;
			buildSettings = {
				ALWAYS_EMBED_SWIFT_STANDARD_LIBRARIES = YES;
				CODE_SIGN_STYLE = Automatic;
				INFOPLIST_FILE = renwebb_bkendUITests/Info.plist;
				LD_RUNPATH_SEARCH_PATHS = "$(inherited) @executable_path/Frameworks @loader_path/Frameworks";
				PRODUCT_BUNDLE_IDENTIFIER = "thenewpotato.renwebb-bkendUITests";
				PRODUCT_NAME = "$(TARGET_NAME)";
				SWIFT_VERSION = 4.0;
				TARGETED_DEVICE_FAMILY = "1,2";
				TEST_TARGET_NAME = renwebb_bkend;
			};
			name = Debug;
		};
		E24DA98720547E3B00CDDDDA /* Release */ = {
			isa = XCBuildConfiguration;
			buildSettings = {
				ALWAYS_EMBED_SWIFT_STANDARD_LIBRARIES = YES;
				CODE_SIGN_STYLE = Automatic;
				INFOPLIST_FILE = renwebb_bkendUITests/Info.plist;
				LD_RUNPATH_SEARCH_PATHS = "$(inherited) @executable_path/Frameworks @loader_path/Frameworks";
				PRODUCT_BUNDLE_IDENTIFIER = "thenewpotato.renwebb-bkendUITests";
				PRODUCT_NAME = "$(TARGET_NAME)";
				SWIFT_VERSION = 4.0;
				TARGETED_DEVICE_FAMILY = "1,2";
				TEST_TARGET_NAME = renwebb_bkend;
			};
			name = Release;
		};
/* End XCBuildConfiguration section */

/* Begin XCConfigurationList section */
		E24DA95220547E3B00CDDDDA /* Build configuration list for PBXProject "renwebb_bkend" */ = {
			isa = XCConfigurationList;
			buildConfigurations = (
				E24DA97D20547E3B00CDDDDA /* Debug */,
				E24DA97E20547E3B00CDDDDA /* Release */,
			);
			defaultConfigurationIsVisible = 0;
			defaultConfigurationName = Release;
		};
		E24DA97F20547E3B00CDDDDA /* Build configuration list for PBXNativeTarget "renwebb_bkend" */ = {
			isa = XCConfigurationList;
			buildConfigurations = (
				E24DA98020547E3B00CDDDDA /* Debug */,
				E24DA98120547E3B00CDDDDA /* Release */,
			);
			defaultConfigurationIsVisible = 0;
			defaultConfigurationName = Release;
		};
		E24DA98220547E3B00CDDDDA /* Build configuration list for PBXNativeTarget "renwebb_bkendTests" */ = {
			isa = XCConfigurationList;
			buildConfigurations = (
				E24DA98320547E3B00CDDDDA /* Debug */,
				E24DA98420547E3B00CDDDDA /* Release */,
			);
			defaultConfigurationIsVisible = 0;
			defaultConfigurationName = Release;
		};
		E24DA98520547E3B00CDDDDA /* Build configuration list for PBXNativeTarget "renwebb_bkendUITests" */ = {
			isa = XCConfigurationList;
			buildConfigurations = (
				E24DA98620547E3B00CDDDDA /* Debug */,
				E24DA98720547E3B00CDDDDA /* Release */,
			);
			defaultConfigurationIsVisible = 0;
			defaultConfigurationName = Release;
		};
/* End XCConfigurationList section */
	};
	rootObject = E24DA94F20547E3B00CDDDDA /* Project object */;
}
